
Microsoft Visual Studio Solution File, Format Version 12.00
# Visual Studio Version 16
VisualStudioVersion = 16.0.29613.14
MinimumVisualStudioVersion = 10.0.40219.1
Project("{FAE04EC0-301F-11D3-BF4B-00C04F79EFBC}") = "Exercício01", "Exercício01\Exercício01.csproj", "{89FA568B-907C-4643-8A59-A99E72B0325F}"
EndProject
Project("{FAE04EC0-301F-11D3-BF4B-00C04F79EFBC}") = "Exercício02", "Exercício02\Exercício02.csproj", "{E3A4CA05-7499-419E-8A55-2003829DD1EA}"
EndProject
Project("{FAE04EC0-301F-11D3-BF4B-00C04F79EFBC}") = "Exercício03", "Exercício03\Exercício03.csproj", "{C04E2CDE-53B9-449F-8CDE-AAC1855BE191}"
EndProject
Project("{FAE04EC0-301F-11D3-BF4B-00C04F79EFBC}") = "Exercício04", "Exercício04\Exercício04.csproj", "{96C51BE4-F916-4016-BD53-0B0A7C95B589}"
EndProject
Project("{FAE04EC0-301F-11D3-BF4B-00C04F79EFBC}") = "Exercício05", "Exercício05\Exercício05.csproj", "{D948236A-E834-4BDF-A3F3-00C45210C2F2}"
EndProject
Project("{FAE04EC0-301F-11D3-BF4B-00C04F79EFBC}") = "Exercício06", "Exercício06\Exercício06.csproj", "{1D1B8C20-C1E2-4F91-94E9-73CDED4BC198}"
EndProject
Project("{FAE04EC0-301F-11D3-BF4B-00C04F79EFBC}") = "Exercício07", "Exercício07\Exercício07.csproj", "{F139D0AB-2E92-44E0-81C9-03D01D9667AA}"
EndProject
Project("{FAE04EC0-301F-11D3-BF4B-00C04F79EFBC}") = "Exercício08", "Exercício08\Exercício08.csproj", "{04993A95-CE96-4D5C-BA17-A6C4F06D0785}"
EndProject
Project("{FAE04EC0-301F-11D3-BF4B-00C04F79EFBC}") = "Exercício09", "Exercício09\Exercício09.csproj", "{F065D63B-F6BE-4FEA-800C-33658BA9D590}"
EndProject
Project("{FAE04EC0-301F-11D3-BF4B-00C04F79EFBC}") = "Exercício10", "Exercício10\Exercício10.csproj", "{87DDB94E-0AEF-4732-A7C8-782FC3E9F635}"
EndProject
Global
	GlobalSection(SolutionConfigurationPlatforms) = preSolution
		Debug|Any CPU = Debug|Any CPU
		Release|Any CPU = Release|Any CPU
	EndGlobalSection
	GlobalSection(ProjectConfigurationPlatforms) = postSolution
		{89FA568B-907C-4643-8A59-A99E72B0325F}.Debug|Any CPU.ActiveCfg = Debug|Any CPU
		{89FA568B-907C-4643-8A59-A99E72B0325F}.Debug|Any CPU.Build.0 = Debug|Any CPU
		{89FA568B-907C-4643-8A59-A99E72B0325F}.Release|Any CPU.ActiveCfg = Release|Any CPU
		{89FA568B-907C-4643-8A59-A99E72B0325F}.Release|Any CPU.Build.0 = Release|Any CPU
		{E3A4CA05-7499-419E-8A55-2003829DD1EA}.Debug|Any CPU.ActiveCfg = Debug|Any CPU
		{E3A4CA05-7499-419E-8A55-2003829DD1EA}.Debug|Any CPU.Build.0 = Debug|Any CPU
		{E3A4CA05-7499-419E-8A55-2003829DD1EA}.Release|Any CPU.ActiveCfg = Release|Any CPU
		{E3A4CA05-7499-419E-8A55-2003829DD1EA}.Release|Any CPU.Build.0 = Release|Any CPU
		{C04E2CDE-53B9-449F-8CDE-AAC1855BE191}.Debug|Any CPU.ActiveCfg = Debug|Any CPU
		{C04E2CDE-53B9-449F-8CDE-AAC1855BE191}.Debug|Any CPU.Build.0 = Debug|Any CPU
		{C04E2CDE-53B9-449F-8CDE-AAC1855BE191}.Release|Any CPU.ActiveCfg = Release|Any CPU
		{C04E2CDE-53B9-449F-8CDE-AAC1855BE191}.Release|Any CPU.Build.0 = Release|Any CPU
		{96C51BE4-F916-4016-BD53-0B0A7C95B589}.Debug|Any CPU.ActiveCfg = Debug|Any CPU
		{96C51BE4-F916-4016-BD53-0B0A7C95B589}.Debug|Any CPU.Build.0 = Debug|Any CPU
		{96C51BE4-F916-4016-BD53-0B0A7C95B589}.Release|Any CPU.ActiveCfg = Release|Any CPU
		{96C51BE4-F916-4016-BD53-0B0A7C95B589}.Release|Any CPU.Build.0 = Release|Any CPU
		{D948236A-E834-4BDF-A3F3-00C45210C2F2}.Debug|Any CPU.ActiveCfg = Debug|Any CPU
		{D948236A-E834-4BDF-A3F3-00C45210C2F2}.Debug|Any CPU.Build.0 = Debug|Any CPU
		{D948236A-E834-4BDF-A3F3-00C45210C2F2}.Release|Any CPU.ActiveCfg = Release|Any CPU
		{D948236A-E834-4BDF-A3F3-00C45210C2F2}.Release|Any CPU.Build.0 = Release|Any CPU
		{1D1B8C20-C1E2-4F91-94E9-73CDED4BC198}.Debug|Any CPU.ActiveCfg = Debug|Any CPU
		{1D1B8C20-C1E2-4F91-94E9-73CDED4BC198}.Debug|Any CPU.Build.0 = Debug|Any CPU
		{1D1B8C20-C1E2-4F91-94E9-73CDED4BC198}.Release|Any CPU.ActiveCfg = Release|Any CPU
		{1D1B8C20-C1E2-4F91-94E9-73CDED4BC198}.Release|Any CPU.Build.0 = Release|Any CPU
		{F139D0AB-2E92-44E0-81C9-03D01D9667AA}.Debug|Any CPU.ActiveCfg = Debug|Any CPU
		{F139D0AB-2E92-44E0-81C9-03D01D9667AA}.Debug|Any CPU.Build.0 = Debug|Any CPU
		{F139D0AB-2E92-44E0-81C9-03D01D9667AA}.Release|Any CPU.ActiveCfg = Release|Any CPU
		{F139D0AB-2E92-44E0-81C9-03D01D9667AA}.Release|Any CPU.Build.0 = Release|Any CPU
		{04993A95-CE96-4D5C-BA17-A6C4F06D0785}.Debug|Any CPU.ActiveCfg = Debug|Any CPU
		{04993A95-CE96-4D5C-BA17-A6C4F06D0785}.Debug|Any CPU.Build.0 = Debug|Any CPU
		{04993A95-CE96-4D5C-BA17-A6C4F06D0785}.Release|Any CPU.ActiveCfg = Release|Any CPU
		{04993A95-CE96-4D5C-BA17-A6C4F06D0785}.Release|Any CPU.Build.0 = Release|Any CPU
		{F065D63B-F6BE-4FEA-800C-33658BA9D590}.Debug|Any CPU.ActiveCfg = Debug|Any CPU
		{F065D63B-F6BE-4FEA-800C-33658BA9D590}.Debug|Any CPU.Build.0 = Debug|Any CPU
		{F065D63B-F6BE-4FEA-800C-33658BA9D590}.Release|Any CPU.ActiveCfg = Release|Any CPU
		{F065D63B-F6BE-4FEA-800C-33658BA9D590}.Release|Any CPU.Build.0 = Release|Any CPU
		{87DDB94E-0AEF-4732-A7C8-782FC3E9F635}.Debug|Any CPU.ActiveCfg = Debug|Any CPU
		{87DDB94E-0AEF-4732-A7C8-782FC3E9F635}.Debug|Any CPU.Build.0 = Debug|Any CPU
		{87DDB94E-0AEF-4732-A7C8-782FC3E9F635}.Release|Any CPU.ActiveCfg = Release|Any CPU
		{87DDB94E-0AEF-4732-A7C8-782FC3E9F635}.Release|Any CPU.Build.0 = Release|Any CPU
	EndGlobalSection
	GlobalSection(SolutionProperties) = preSolution
		HideSolutionNode = FALSE
	EndGlobalSection
	GlobalSection(ExtensibilityGlobals) = postSolution
		SolutionGuid = {0DD738E6-7EE4-4BDA-8A98-19F262D3A6D3}
	EndGlobalSection
EndGlobal
