
Microsoft Visual Studio Solution File, Format Version 12.00
# Visual Studio Version 16
VisualStudioVersion = 16.0.29613.14
MinimumVisualStudioVersion = 10.0.40219.1
Project("{FAE04EC0-301F-11D3-BF4B-00C04F79EFBC}") = "Exercício01", "Exercício01\Exercício01.csproj", "{B808B08B-8FB6-4BA4-A430-91046F09471E}"
EndProject
Project("{FAE04EC0-301F-11D3-BF4B-00C04F79EFBC}") = "Exercício02", "Exercício02\Exercício02.csproj", "{C8C5E062-9DFA-4C3C-81C3-95F2F2C4A5EA}"
EndProject
Project("{FAE04EC0-301F-11D3-BF4B-00C04F79EFBC}") = "Exercício03", "Exercício03\Exercício03.csproj", "{B58A9BEE-E78B-4173-9EBD-A51822F5CA5E}"
EndProject
Project("{FAE04EC0-301F-11D3-BF4B-00C04F79EFBC}") = "Exercício04", "Exercício04\Exercício04.csproj", "{D20EF8AD-437D-4C6A-B46D-97EA2AED5717}"
EndProject
Project("{FAE04EC0-301F-11D3-BF4B-00C04F79EFBC}") = "Exercício05", "Exercício05\Exercício05.csproj", "{EC286D1B-7EEE-40FE-A02C-559D7CE83063}"
EndProject
Project("{FAE04EC0-301F-11D3-BF4B-00C04F79EFBC}") = "Exercício06", "Exercício06\Exercício06.csproj", "{B764B3B9-B774-41B5-83D2-C4C8E9F28C1B}"
EndProject
Project("{FAE04EC0-301F-11D3-BF4B-00C04F79EFBC}") = "Exercício07", "Exercício07\Exercício07.csproj", "{09C5903B-5719-48C8-9889-A22DF060D585}"
EndProject
Project("{FAE04EC0-301F-11D3-BF4B-00C04F79EFBC}") = "Exercício08", "Exercício08\Exercício08.csproj", "{8E87AB11-D1F3-4063-9D6D-A907BBF41B52}"
EndProject
Project("{FAE04EC0-301F-11D3-BF4B-00C04F79EFBC}") = "Exercício09", "Exercício09\Exercício09.csproj", "{202AB099-D260-420D-9AF9-A95AE612EB27}"
EndProject
Project("{FAE04EC0-301F-11D3-BF4B-00C04F79EFBC}") = "Exercício10", "Exercício10\Exercício10.csproj", "{85B29E50-47C7-4BDB-8615-C0FBC58238EC}"
EndProject
Project("{FAE04EC0-301F-11D3-BF4B-00C04F79EFBC}") = "Exercício11", "Exercício11\Exercício11.csproj", "{922BBC29-4574-485A-A503-395408BF4874}"
EndProject
Project("{FAE04EC0-301F-11D3-BF4B-00C04F79EFBC}") = "Exercício12", "Exercício12\Exercício12.csproj", "{20A731BF-9114-4522-A2D3-3711763BB538}"
EndProject
Project("{FAE04EC0-301F-11D3-BF4B-00C04F79EFBC}") = "Exercício13", "Exercício13\Exercício13.csproj", "{12E1F783-2D68-46D5-9822-166C6861B025}"
EndProject
Project("{FAE04EC0-301F-11D3-BF4B-00C04F79EFBC}") = "Exercício14", "Exercício14\Exercício14.csproj", "{24A9EA93-1120-4F49-813D-ED5ED5639415}"
EndProject
Project("{FAE04EC0-301F-11D3-BF4B-00C04F79EFBC}") = "Exercício15", "Exercício15\Exercício15.csproj", "{98A6F50B-69C3-4EF4-8510-AD503960DE21}"
EndProject
Global
	GlobalSection(SolutionConfigurationPlatforms) = preSolution
		Debug|Any CPU = Debug|Any CPU
		Release|Any CPU = Release|Any CPU
	EndGlobalSection
	GlobalSection(ProjectConfigurationPlatforms) = postSolution
		{B808B08B-8FB6-4BA4-A430-91046F09471E}.Debug|Any CPU.ActiveCfg = Debug|Any CPU
		{B808B08B-8FB6-4BA4-A430-91046F09471E}.Debug|Any CPU.Build.0 = Debug|Any CPU
		{B808B08B-8FB6-4BA4-A430-91046F09471E}.Release|Any CPU.ActiveCfg = Release|Any CPU
		{B808B08B-8FB6-4BA4-A430-91046F09471E}.Release|Any CPU.Build.0 = Release|Any CPU
		{C8C5E062-9DFA-4C3C-81C3-95F2F2C4A5EA}.Debug|Any CPU.ActiveCfg = Debug|Any CPU
		{C8C5E062-9DFA-4C3C-81C3-95F2F2C4A5EA}.Debug|Any CPU.Build.0 = Debug|Any CPU
		{C8C5E062-9DFA-4C3C-81C3-95F2F2C4A5EA}.Release|Any CPU.ActiveCfg = Release|Any CPU
		{C8C5E062-9DFA-4C3C-81C3-95F2F2C4A5EA}.Release|Any CPU.Build.0 = Release|Any CPU
		{B58A9BEE-E78B-4173-9EBD-A51822F5CA5E}.Debug|Any CPU.ActiveCfg = Debug|Any CPU
		{B58A9BEE-E78B-4173-9EBD-A51822F5CA5E}.Debug|Any CPU.Build.0 = Debug|Any CPU
		{B58A9BEE-E78B-4173-9EBD-A51822F5CA5E}.Release|Any CPU.ActiveCfg = Release|Any CPU
		{B58A9BEE-E78B-4173-9EBD-A51822F5CA5E}.Release|Any CPU.Build.0 = Release|Any CPU
		{D20EF8AD-437D-4C6A-B46D-97EA2AED5717}.Debug|Any CPU.ActiveCfg = Debug|Any CPU
		{D20EF8AD-437D-4C6A-B46D-97EA2AED5717}.Debug|Any CPU.Build.0 = Debug|Any CPU
		{D20EF8AD-437D-4C6A-B46D-97EA2AED5717}.Release|Any CPU.ActiveCfg = Release|Any CPU
		{D20EF8AD-437D-4C6A-B46D-97EA2AED5717}.Release|Any CPU.Build.0 = Release|Any CPU
		{EC286D1B-7EEE-40FE-A02C-559D7CE83063}.Debug|Any CPU.ActiveCfg = Debug|Any CPU
		{EC286D1B-7EEE-40FE-A02C-559D7CE83063}.Debug|Any CPU.Build.0 = Debug|Any CPU
		{EC286D1B-7EEE-40FE-A02C-559D7CE83063}.Release|Any CPU.ActiveCfg = Release|Any CPU
		{EC286D1B-7EEE-40FE-A02C-559D7CE83063}.Release|Any CPU.Build.0 = Release|Any CPU
		{B764B3B9-B774-41B5-83D2-C4C8E9F28C1B}.Debug|Any CPU.ActiveCfg = Debug|Any CPU
		{B764B3B9-B774-41B5-83D2-C4C8E9F28C1B}.Debug|Any CPU.Build.0 = Debug|Any CPU
		{B764B3B9-B774-41B5-83D2-C4C8E9F28C1B}.Release|Any CPU.ActiveCfg = Release|Any CPU
		{B764B3B9-B774-41B5-83D2-C4C8E9F28C1B}.Release|Any CPU.Build.0 = Release|Any CPU
		{09C5903B-5719-48C8-9889-A22DF060D585}.Debug|Any CPU.ActiveCfg = Debug|Any CPU
		{09C5903B-5719-48C8-9889-A22DF060D585}.Debug|Any CPU.Build.0 = Debug|Any CPU
		{09C5903B-5719-48C8-9889-A22DF060D585}.Release|Any CPU.ActiveCfg = Release|Any CPU
		{09C5903B-5719-48C8-9889-A22DF060D585}.Release|Any CPU.Build.0 = Release|Any CPU
		{8E87AB11-D1F3-4063-9D6D-A907BBF41B52}.Debug|Any CPU.ActiveCfg = Debug|Any CPU
		{8E87AB11-D1F3-4063-9D6D-A907BBF41B52}.Debug|Any CPU.Build.0 = Debug|Any CPU
		{8E87AB11-D1F3-4063-9D6D-A907BBF41B52}.Release|Any CPU.ActiveCfg = Release|Any CPU
		{8E87AB11-D1F3-4063-9D6D-A907BBF41B52}.Release|Any CPU.Build.0 = Release|Any CPU
		{202AB099-D260-420D-9AF9-A95AE612EB27}.Debug|Any CPU.ActiveCfg = Debug|Any CPU
		{202AB099-D260-420D-9AF9-A95AE612EB27}.Debug|Any CPU.Build.0 = Debug|Any CPU
		{202AB099-D260-420D-9AF9-A95AE612EB27}.Release|Any CPU.ActiveCfg = Release|Any CPU
		{202AB099-D260-420D-9AF9-A95AE612EB27}.Release|Any CPU.Build.0 = Release|Any CPU
		{85B29E50-47C7-4BDB-8615-C0FBC58238EC}.Debug|Any CPU.ActiveCfg = Debug|Any CPU
		{85B29E50-47C7-4BDB-8615-C0FBC58238EC}.Debug|Any CPU.Build.0 = Debug|Any CPU
		{85B29E50-47C7-4BDB-8615-C0FBC58238EC}.Release|Any CPU.ActiveCfg = Release|Any CPU
		{85B29E50-47C7-4BDB-8615-C0FBC58238EC}.Release|Any CPU.Build.0 = Release|Any CPU
		{922BBC29-4574-485A-A503-395408BF4874}.Debug|Any CPU.ActiveCfg = Debug|Any CPU
		{922BBC29-4574-485A-A503-395408BF4874}.Debug|Any CPU.Build.0 = Debug|Any CPU
		{922BBC29-4574-485A-A503-395408BF4874}.Release|Any CPU.ActiveCfg = Release|Any CPU
		{922BBC29-4574-485A-A503-395408BF4874}.Release|Any CPU.Build.0 = Release|Any CPU
		{20A731BF-9114-4522-A2D3-3711763BB538}.Debug|Any CPU.ActiveCfg = Debug|Any CPU
		{20A731BF-9114-4522-A2D3-3711763BB538}.Debug|Any CPU.Build.0 = Debug|Any CPU
		{20A731BF-9114-4522-A2D3-3711763BB538}.Release|Any CPU.ActiveCfg = Release|Any CPU
		{20A731BF-9114-4522-A2D3-3711763BB538}.Release|Any CPU.Build.0 = Release|Any CPU
		{12E1F783-2D68-46D5-9822-166C6861B025}.Debug|Any CPU.ActiveCfg = Debug|Any CPU
		{12E1F783-2D68-46D5-9822-166C6861B025}.Debug|Any CPU.Build.0 = Debug|Any CPU
		{12E1F783-2D68-46D5-9822-166C6861B025}.Release|Any CPU.ActiveCfg = Release|Any CPU
		{12E1F783-2D68-46D5-9822-166C6861B025}.Release|Any CPU.Build.0 = Release|Any CPU
		{24A9EA93-1120-4F49-813D-ED5ED5639415}.Debug|Any CPU.ActiveCfg = Debug|Any CPU
		{24A9EA93-1120-4F49-813D-ED5ED5639415}.Debug|Any CPU.Build.0 = Debug|Any CPU
		{24A9EA93-1120-4F49-813D-ED5ED5639415}.Release|Any CPU.ActiveCfg = Release|Any CPU
		{24A9EA93-1120-4F49-813D-ED5ED5639415}.Release|Any CPU.Build.0 = Release|Any CPU
		{98A6F50B-69C3-4EF4-8510-AD503960DE21}.Debug|Any CPU.ActiveCfg = Debug|Any CPU
		{98A6F50B-69C3-4EF4-8510-AD503960DE21}.Debug|Any CPU.Build.0 = Debug|Any CPU
		{98A6F50B-69C3-4EF4-8510-AD503960DE21}.Release|Any CPU.ActiveCfg = Release|Any CPU
		{98A6F50B-69C3-4EF4-8510-AD503960DE21}.Release|Any CPU.Build.0 = Release|Any CPU
	EndGlobalSection
	GlobalSection(SolutionProperties) = preSolution
		HideSolutionNode = FALSE
	EndGlobalSection
	GlobalSection(ExtensibilityGlobals) = postSolution
		SolutionGuid = {A9F7123D-6851-4400-9887-CE10D2C92C4F}
	EndGlobalSection
EndGlobal
